
Microsoft Visual Studio Solution File, Format Version 12.00
# Visual Studio 2013
VisualStudioVersion = 12.0.31101.0
MinimumVisualStudioVersion = 10.0.40219.1
Project("{FAE04EC0-301F-11D3-BF4B-00C04F79EFBC}") = "SportsStore.Domain", "SportsStore.Domain\SportsStore.Domain.csproj", "{0E3D8A9E-DA20-4104-AEE6-AE94DA89A5F1}"
EndProject
Project("{FAE04EC0-301F-11D3-BF4B-00C04F79EFBC}") = "SportsStore.WebUI", "SportsStore.WebUI\SportsStore.WebUI.csproj", "{EA4BBA27-B757-46F4-B54F-1020DAEC4122}"
EndProject
Project("{FAE04EC0-301F-11D3-BF4B-00C04F79EFBC}") = "SportsStore.UnitTests", "SportsStore.UnitTests\SportsStore.UnitTests.csproj", "{A215CBFD-78BF-4A71-A6E2-4CE5BEBA65E5}"
EndProject
Global
	GlobalSection(SolutionConfigurationPlatforms) = preSolution
		Debug|Any CPU = Debug|Any CPU
		Release|Any CPU = Release|Any CPU
	EndGlobalSection
	GlobalSection(ProjectConfigurationPlatforms) = postSolution
		{0E3D8A9E-DA20-4104-AEE6-AE94DA89A5F1}.Debug|Any CPU.ActiveCfg = Debug|Any CPU
		{0E3D8A9E-DA20-4104-AEE6-AE94DA89A5F1}.Debug|Any CPU.Build.0 = Debug|Any CPU
		{0E3D8A9E-DA20-4104-AEE6-AE94DA89A5F1}.Release|Any CPU.ActiveCfg = Release|Any CPU
		{0E3D8A9E-DA20-4104-AEE6-AE94DA89A5F1}.Release|Any CPU.Build.0 = Release|Any CPU
		{EA4BBA27-B757-46F4-B54F-1020DAEC4122}.Debug|Any CPU.ActiveCfg = Debug|Any CPU
		{EA4BBA27-B757-46F4-B54F-1020DAEC4122}.Debug|Any CPU.Build.0 = Debug|Any CPU
		{EA4BBA27-B757-46F4-B54F-1020DAEC4122}.Release|Any CPU.ActiveCfg = Release|Any CPU
		{EA4BBA27-B757-46F4-B54F-1020DAEC4122}.Release|Any CPU.Build.0 = Release|Any CPU
		{A215CBFD-78BF-4A71-A6E2-4CE5BEBA65E5}.Debug|Any CPU.ActiveCfg = Debug|Any CPU
		{A215CBFD-78BF-4A71-A6E2-4CE5BEBA65E5}.Debug|Any CPU.Build.0 = Debug|Any CPU
		{A215CBFD-78BF-4A71-A6E2-4CE5BEBA65E5}.Release|Any CPU.ActiveCfg = Release|Any CPU
		{A215CBFD-78BF-4A71-A6E2-4CE5BEBA65E5}.Release|Any CPU.Build.0 = Release|Any CPU
	EndGlobalSection
	GlobalSection(SolutionProperties) = preSolution
		HideSolutionNode = FALSE
	EndGlobalSection
EndGlobal
